
Microsoft Visual Studio Solution File, Format Version 12.00
# Visual Studio Version 16
VisualStudioVersion = 16.0.29403.142
MinimumVisualStudioVersion = 10.0.40219.1
Project("{FAE04EC0-301F-11D3-BF4B-00C04F79EFBC}") = "TVDBSharp", "TVDBSharp\TVDBSharp.csproj", "{0CC493D7-0A9F-4199-9615-0A977945D716}"
EndProject
Project("{FAE04EC0-301F-11D3-BF4B-00C04F79EFBC}") = "Examples", "Examples\Examples.csproj", "{4918B205-E641-444F-8B2C-3D80D918A806}"
EndProject
Global
	GlobalSection(SolutionConfigurationPlatforms) = preSolution
		Debug|Any CPU = Debug|Any CPU
		Release|Any CPU = Release|Any CPU
	EndGlobalSection
	GlobalSection(ProjectConfigurationPlatforms) = postSolution
		{0CC493D7-0A9F-4199-9615-0A977945D716}.Debug|Any CPU.ActiveCfg = Debug|Any CPU
		{0CC493D7-0A9F-4199-9615-0A977945D716}.Debug|Any CPU.Build.0 = Debug|Any CPU
		{0CC493D7-0A9F-4199-9615-0A977945D716}.Release|Any CPU.ActiveCfg = Release|Any CPU
		{0CC493D7-0A9F-4199-9615-0A977945D716}.Release|Any CPU.Build.0 = Release|Any CPU
		{4918B205-E641-444F-8B2C-3D80D918A806}.Debug|Any CPU.ActiveCfg = Debug|Any CPU
		{4918B205-E641-444F-8B2C-3D80D918A806}.Debug|Any CPU.Build.0 = Debug|Any CPU
		{4918B205-E641-444F-8B2C-3D80D918A806}.Release|Any CPU.ActiveCfg = Release|Any CPU
		{4918B205-E641-444F-8B2C-3D80D918A806}.Release|Any CPU.Build.0 = Release|Any CPU
	EndGlobalSection
	GlobalSection(SolutionProperties) = preSolution
		HideSolutionNode = FALSE
	EndGlobalSection
	GlobalSection(ExtensibilityGlobals) = postSolution
		SolutionGuid = {93378E59-B328-410F-890E-25DE052E67D7}
	EndGlobalSection
EndGlobal
